{
  "requires": true,
  "lockfileVersion": 1,
  "dependencies": {
    "@types/node": {
      "version": "0.12.22",
      "resolved": "https://registry.npmjs.org/@types/node/-/node-0.12.22.tgz",
      "integrity": "sha512-CLy3DWBzstbmv9fL8wom3MHpfaTorpQiNNNLbYFY3E6A3MA/K++/boPwv47Zt8FaaaWy1QsVAEFPED7ROnrQlw=="
    },
    "photoshop.d.ts": {
      "version": "1.0.0",
      "resolved": "https://registry.npmjs.org/photoshop.d.ts/-/photoshop.d.ts-1.0.0.tgz",
      "integrity": "sha512-bNJdjg+4ZFoxHh3ZVz1PY8Gi7r/2Xa597EsJS/ZzZCXyebvYQWNWhLuP/2iwjOf148NH7X5AF5mqrhTFxBxwoQ=="
    }
  }
}
